Microsoft Visual Studio Solution File, Format Version 11.00
# Visual Studio 2012
Project("{FAE04EC0-301F-11D3-BF4B-00C04F79EFBC}") = "DXEditors_HowToCreateButtonEdit", "DXEditors_HowToCreateButtonEdit\DXEditors_HowToCreateButtonEdit.csproj", "{555BC60C-D2C9-4244-A8D5-434C5EF64DAD}"
EndProject
Global
	GlobalSection(SolutionConfigurationPlatforms) = preSolution
		Debug|x86 = Debug|x86
		Release|x86 = Release|x86
	EndGlobalSection
	GlobalSection(ProjectConfigurationPlatforms) = postSolution
		{555BC60C-D2C9-4244-A8D5-434C5EF64DAD}.Debug|x86.ActiveCfg = Debug|x86
		{555BC60C-D2C9-4244-A8D5-434C5EF64DAD}.Debug|x86.Build.0 = Debug|x86
		{555BC60C-D2C9-4244-A8D5-434C5EF64DAD}.Release|x86.ActiveCfg = Release|x86
		{555BC60C-D2C9-4244-A8D5-434C5EF64DAD}.Release|x86.Build.0 = Release|x86
	EndGlobalSection
	GlobalSection(SolutionProperties) = preSolution
		HideSolutionNode = FALSE
	EndGlobalSection
EndGlobal
